
Microsoft Visual Studio Solution File, Format Version 12.00
# Visual Studio Version 16
VisualStudioVersion = 16.0.30011.22
MinimumVisualStudioVersion = 15.0.26124.0
Project("{2150E333-8FDC-42A3-9474-1A3956D46DE8}") = "BehavioralPatterns", "BehavioralPatterns", "{D8AE2635-89D7-4997-AD85-4FC545CA33EB}"
EndProject
Project("{2150E333-8FDC-42A3-9474-1A3956D46DE8}") = "CreationalPatterns", "CreationalPatterns", "{28692A56-986D-4534-A82D-B5BDA8F83DB6}"
EndProject
Project("{2150E333-8FDC-42A3-9474-1A3956D46DE8}") = "StructuralPatterns", "StructuralPatterns", "{B89E3D42-42D7-453F-B43D-EBA1A217FED4}"
EndProject
Project("{9A19103F-16F7-4668-BE54-9A1E7A4F7556}") = "AbstractFactory", "CreationalPatterns\AbstractFactory\AbstractFactory.csproj", "{4CC823E5-3248-4EB2-9527-ABD9B7AF7008}"
EndProject
Project("{9A19103F-16F7-4668-BE54-9A1E7A4F7556}") = "Builder", "CreationalPatterns\Builder\Builder.csproj", "{62054367-4DE4-4727-B9C3-0CE856E7569B}"
EndProject
Project("{9A19103F-16F7-4668-BE54-9A1E7A4F7556}") = "FactoryMethod", "CreationalPatterns\FactoryMethod\FactoryMethod.csproj", "{A165C426-B911-4939-9470-986A69070185}"
EndProject
Project("{9A19103F-16F7-4668-BE54-9A1E7A4F7556}") = "Prototype", "CreationalPatterns\Prototype\Prototype.csproj", "{B7B79496-4448-4550-BA90-FFEACB75DD8F}"
EndProject
Project("{9A19103F-16F7-4668-BE54-9A1E7A4F7556}") = "Singleton", "CreationalPatterns\Singleton\Singleton.csproj", "{F25E57A2-1056-4015-9A7B-3DCFA08E688E}"
EndProject
Project("{9A19103F-16F7-4668-BE54-9A1E7A4F7556}") = "Adapter", "StructuralPatters\Adapter\Adapter.csproj", "{56935BAB-4ADB-4DA6-945E-B454227B7F7D}"
EndProject
Project("{9A19103F-16F7-4668-BE54-9A1E7A4F7556}") = "Bridge", "StructuralPatters\Bridge\Bridge.csproj", "{B7B582FD-054B-4112-B3BE-A5E67E7AAB0D}"
EndProject
Project("{9A19103F-16F7-4668-BE54-9A1E7A4F7556}") = "Composite", "StructuralPatters\Composite\Composite.csproj", "{9FA5255C-825E-484B-9E03-D72E40E1E3ED}"
EndProject
Project("{9A19103F-16F7-4668-BE54-9A1E7A4F7556}") = "Decorator", "StructuralPatters\Decorator\Decorator.csproj", "{F0B809BD-F8A0-4D11-AB3D-00AE10841047}"
EndProject
Project("{9A19103F-16F7-4668-BE54-9A1E7A4F7556}") = "Facade", "StructuralPatters\Facade\Facade.csproj", "{14DA21F3-EEF5-4275-9A50-A682A1F7E81F}"
EndProject
Project("{9A19103F-16F7-4668-BE54-9A1E7A4F7556}") = "Proxy", "StructuralPatters\Proxy\Proxy.csproj", "{4E1D56A9-E388-4B2B-85AF-1939C2981614}"
EndProject
Project("{9A19103F-16F7-4668-BE54-9A1E7A4F7556}") = "ChainOfResponsibility", "BehavioralPatterns\ChainOfResponsibility\ChainOfResponsibility.csproj", "{81B36D30-7672-4FE2-96D6-469E6029F073}"
EndProject
Project("{9A19103F-16F7-4668-BE54-9A1E7A4F7556}") = "Command", "BehavioralPatterns\Command\Command.csproj", "{D7D3E698-EBBB-4921-BCA2-5AC44B6DF0FF}"
EndProject
Project("{9A19103F-16F7-4668-BE54-9A1E7A4F7556}") = "Interpreter", "BehavioralPatterns\Interpreter\Interpreter.csproj", "{C02CB1FF-A60C-4DC3-8056-D46B561630CD}"
EndProject
Project("{9A19103F-16F7-4668-BE54-9A1E7A4F7556}") = "Mediator", "BehavioralPatterns\Mediator\Mediator.csproj", "{3221AE40-B502-47D2-B455-01E210865504}"
EndProject
Project("{9A19103F-16F7-4668-BE54-9A1E7A4F7556}") = "Memento", "BehavioralPatterns\Memento\Memento.csproj", "{93CB2769-8619-4BB6-88AF-85EEFF0401A5}"
EndProject
Project("{9A19103F-16F7-4668-BE54-9A1E7A4F7556}") = "Observer", "BehavioralPatterns\Observer\Observer.csproj", "{6BDEA332-4FBF-440F-B3FD-88698506BAF2}"
EndProject
Project("{9A19103F-16F7-4668-BE54-9A1E7A4F7556}") = "State", "BehavioralPatterns\State\State.csproj", "{7B39E8A8-5359-4040-B2D1-75BFEAE2EBCE}"
EndProject
Project("{9A19103F-16F7-4668-BE54-9A1E7A4F7556}") = "Strategy", "BehavioralPatterns\Strategy\Strategy.csproj", "{B13865E5-70D7-45E9-B665-FEDD8CFE8732}"
EndProject
Project("{9A19103F-16F7-4668-BE54-9A1E7A4F7556}") = "TemplateMethod", "BehavioralPatterns\TemplateMethod\TemplateMethod.csproj", "{4E506027-A8E0-4B1B-B58A-8AA5F2F5473C}"
EndProject
Project("{9A19103F-16F7-4668-BE54-9A1E7A4F7556}") = "Visitor", "BehavioralPatterns\Visitor\Visitor.csproj", "{718A3573-D6F1-4E2B-871F-0E5F277552C4}"
EndProject
Global
	GlobalSection(SolutionConfigurationPlatforms) = preSolution
		Debug|Any CPU = Debug|Any CPU
		Debug|x64 = Debug|x64
		Debug|x86 = Debug|x86
		Release|Any CPU = Release|Any CPU
		Release|x64 = Release|x64
		Release|x86 = Release|x86
	EndGlobalSection
	GlobalSection(ProjectConfigurationPlatforms) = postSolution
		{4CC823E5-3248-4EB2-9527-ABD9B7AF7008}.Debug|Any CPU.ActiveCfg = Debug|Any CPU
		{4CC823E5-3248-4EB2-9527-ABD9B7AF7008}.Debug|Any CPU.Build.0 = Debug|Any CPU
		{4CC823E5-3248-4EB2-9527-ABD9B7AF7008}.Debug|x64.ActiveCfg = Debug|Any CPU
		{4CC823E5-3248-4EB2-9527-ABD9B7AF7008}.Debug|x64.Build.0 = Debug|Any CPU
		{4CC823E5-3248-4EB2-9527-ABD9B7AF7008}.Debug|x86.ActiveCfg = Debug|Any CPU
		{4CC823E5-3248-4EB2-9527-ABD9B7AF7008}.Debug|x86.Build.0 = Debug|Any CPU
		{4CC823E5-3248-4EB2-9527-ABD9B7AF7008}.Release|Any CPU.ActiveCfg = Release|Any CPU
		{4CC823E5-3248-4EB2-9527-ABD9B7AF7008}.Release|Any CPU.Build.0 = Release|Any CPU
		{4CC823E5-3248-4EB2-9527-ABD9B7AF7008}.Release|x64.ActiveCfg = Release|Any CPU
		{4CC823E5-3248-4EB2-9527-ABD9B7AF7008}.Release|x64.Build.0 = Release|Any CPU
		{4CC823E5-3248-4EB2-9527-ABD9B7AF7008}.Release|x86.ActiveCfg = Release|Any CPU
		{4CC823E5-3248-4EB2-9527-ABD9B7AF7008}.Release|x86.Build.0 = Release|Any CPU
		{62054367-4DE4-4727-B9C3-0CE856E7569B}.Debug|Any CPU.ActiveCfg = Debug|Any CPU
		{62054367-4DE4-4727-B9C3-0CE856E7569B}.Debug|Any CPU.Build.0 = Debug|Any CPU
		{62054367-4DE4-4727-B9C3-0CE856E7569B}.Debug|x64.ActiveCfg = Debug|Any CPU
		{62054367-4DE4-4727-B9C3-0CE856E7569B}.Debug|x64.Build.0 = Debug|Any CPU
		{62054367-4DE4-4727-B9C3-0CE856E7569B}.Debug|x86.ActiveCfg = Debug|Any CPU
		{62054367-4DE4-4727-B9C3-0CE856E7569B}.Debug|x86.Build.0 = Debug|Any CPU
		{62054367-4DE4-4727-B9C3-0CE856E7569B}.Release|Any CPU.ActiveCfg = Release|Any CPU
		{62054367-4DE4-4727-B9C3-0CE856E7569B}.Release|Any CPU.Build.0 = Release|Any CPU
		{62054367-4DE4-4727-B9C3-0CE856E7569B}.Release|x64.ActiveCfg = Release|Any CPU
		{62054367-4DE4-4727-B9C3-0CE856E7569B}.Release|x64.Build.0 = Release|Any CPU
		{62054367-4DE4-4727-B9C3-0CE856E7569B}.Release|x86.ActiveCfg = Release|Any CPU
		{62054367-4DE4-4727-B9C3-0CE856E7569B}.Release|x86.Build.0 = Release|Any CPU
		{A165C426-B911-4939-9470-986A69070185}.Debug|Any CPU.ActiveCfg = Debug|Any CPU
		{A165C426-B911-4939-9470-986A69070185}.Debug|Any CPU.Build.0 = Debug|Any CPU
		{A165C426-B911-4939-9470-986A69070185}.Debug|x64.ActiveCfg = Debug|Any CPU
		{A165C426-B911-4939-9470-986A69070185}.Debug|x64.Build.0 = Debug|Any CPU
		{A165C426-B911-4939-9470-986A69070185}.Debug|x86.ActiveCfg = Debug|Any CPU
		{A165C426-B911-4939-9470-986A69070185}.Debug|x86.Build.0 = Debug|Any CPU
		{A165C426-B911-4939-9470-986A69070185}.Release|Any CPU.ActiveCfg = Release|Any CPU
		{A165C426-B911-4939-9470-986A69070185}.Release|Any CPU.Build.0 = Release|Any CPU
		{A165C426-B911-4939-9470-986A69070185}.Release|x64.ActiveCfg = Release|Any CPU
		{A165C426-B911-4939-9470-986A69070185}.Release|x64.Build.0 = Release|Any CPU
		{A165C426-B911-4939-9470-986A69070185}.Release|x86.ActiveCfg = Release|Any CPU
		{A165C426-B911-4939-9470-986A69070185}.Release|x86.Build.0 = Release|Any CPU
		{B7B79496-4448-4550-BA90-FFEACB75DD8F}.Debug|Any CPU.ActiveCfg = Debug|Any CPU
		{B7B79496-4448-4550-BA90-FFEACB75DD8F}.Debug|Any CPU.Build.0 = Debug|Any CPU
		{B7B79496-4448-4550-BA90-FFEACB75DD8F}.Debug|x64.ActiveCfg = Debug|Any CPU
		{B7B79496-4448-4550-BA90-FFEACB75DD8F}.Debug|x64.Build.0 = Debug|Any CPU
		{B7B79496-4448-4550-BA90-FFEACB75DD8F}.Debug|x86.ActiveCfg = Debug|Any CPU
		{B7B79496-4448-4550-BA90-FFEACB75DD8F}.Debug|x86.Build.0 = Debug|Any CPU
		{B7B79496-4448-4550-BA90-FFEACB75DD8F}.Release|Any CPU.ActiveCfg = Release|Any CPU
		{B7B79496-4448-4550-BA90-FFEACB75DD8F}.Release|Any CPU.Build.0 = Release|Any CPU
		{B7B79496-4448-4550-BA90-FFEACB75DD8F}.Release|x64.ActiveCfg = Release|Any CPU
		{B7B79496-4448-4550-BA90-FFEACB75DD8F}.Release|x64.Build.0 = Release|Any CPU
		{B7B79496-4448-4550-BA90-FFEACB75DD8F}.Release|x86.ActiveCfg = Release|Any CPU
		{B7B79496-4448-4550-BA90-FFEACB75DD8F}.Release|x86.Build.0 = Release|Any CPU
		{F25E57A2-1056-4015-9A7B-3DCFA08E688E}.Debug|Any CPU.ActiveCfg = Debug|Any CPU
		{F25E57A2-1056-4015-9A7B-3DCFA08E688E}.Debug|Any CPU.Build.0 = Debug|Any CPU
		{F25E57A2-1056-4015-9A7B-3DCFA08E688E}.Debug|x64.ActiveCfg = Debug|Any CPU
		{F25E57A2-1056-4015-9A7B-3DCFA08E688E}.Debug|x64.Build.0 = Debug|Any CPU
		{F25E57A2-1056-4015-9A7B-3DCFA08E688E}.Debug|x86.ActiveCfg = Debug|Any CPU
		{F25E57A2-1056-4015-9A7B-3DCFA08E688E}.Debug|x86.Build.0 = Debug|Any CPU
		{F25E57A2-1056-4015-9A7B-3DCFA08E688E}.Release|Any CPU.ActiveCfg = Release|Any CPU
		{F25E57A2-1056-4015-9A7B-3DCFA08E688E}.Release|Any CPU.Build.0 = Release|Any CPU
		{F25E57A2-1056-4015-9A7B-3DCFA08E688E}.Release|x64.ActiveCfg = Release|Any CPU
		{F25E57A2-1056-4015-9A7B-3DCFA08E688E}.Release|x64.Build.0 = Release|Any CPU
		{F25E57A2-1056-4015-9A7B-3DCFA08E688E}.Release|x86.ActiveCfg = Release|Any CPU
		{F25E57A2-1056-4015-9A7B-3DCFA08E688E}.Release|x86.Build.0 = Release|Any CPU
		{56935BAB-4ADB-4DA6-945E-B454227B7F7D}.Debug|Any CPU.ActiveCfg = Debug|Any CPU
		{56935BAB-4ADB-4DA6-945E-B454227B7F7D}.Debug|Any CPU.Build.0 = Debug|Any CPU
		{56935BAB-4ADB-4DA6-945E-B454227B7F7D}.Debug|x64.ActiveCfg = Debug|Any CPU
		{56935BAB-4ADB-4DA6-945E-B454227B7F7D}.Debug|x64.Build.0 = Debug|Any CPU
		{56935BAB-4ADB-4DA6-945E-B454227B7F7D}.Debug|x86.ActiveCfg = Debug|Any CPU
		{56935BAB-4ADB-4DA6-945E-B454227B7F7D}.Debug|x86.Build.0 = Debug|Any CPU
		{56935BAB-4ADB-4DA6-945E-B454227B7F7D}.Release|Any CPU.ActiveCfg = Release|Any CPU
		{56935BAB-4ADB-4DA6-945E-B454227B7F7D}.Release|Any CPU.Build.0 = Release|Any CPU
		{56935BAB-4ADB-4DA6-945E-B454227B7F7D}.Release|x64.ActiveCfg = Release|Any CPU
		{56935BAB-4ADB-4DA6-945E-B454227B7F7D}.Release|x64.Build.0 = Release|Any CPU
		{56935BAB-4ADB-4DA6-945E-B454227B7F7D}.Release|x86.ActiveCfg = Release|Any CPU
		{56935BAB-4ADB-4DA6-945E-B454227B7F7D}.Release|x86.Build.0 = Release|Any CPU
		{B7B582FD-054B-4112-B3BE-A5E67E7AAB0D}.Debug|Any CPU.ActiveCfg = Debug|Any CPU
		{B7B582FD-054B-4112-B3BE-A5E67E7AAB0D}.Debug|Any CPU.Build.0 = Debug|Any CPU
		{B7B582FD-054B-4112-B3BE-A5E67E7AAB0D}.Debug|x64.ActiveCfg = Debug|Any CPU
		{B7B582FD-054B-4112-B3BE-A5E67E7AAB0D}.Debug|x64.Build.0 = Debug|Any CPU
		{B7B582FD-054B-4112-B3BE-A5E67E7AAB0D}.Debug|x86.ActiveCfg = Debug|Any CPU
		{B7B582FD-054B-4112-B3BE-A5E67E7AAB0D}.Debug|x86.Build.0 = Debug|Any CPU
		{B7B582FD-054B-4112-B3BE-A5E67E7AAB0D}.Release|Any CPU.ActiveCfg = Release|Any CPU
		{B7B582FD-054B-4112-B3BE-A5E67E7AAB0D}.Release|Any CPU.Build.0 = Release|Any CPU
		{B7B582FD-054B-4112-B3BE-A5E67E7AAB0D}.Release|x64.ActiveCfg = Release|Any CPU
		{B7B582FD-054B-4112-B3BE-A5E67E7AAB0D}.Release|x64.Build.0 = Release|Any CPU
		{B7B582FD-054B-4112-B3BE-A5E67E7AAB0D}.Release|x86.ActiveCfg = Release|Any CPU
		{B7B582FD-054B-4112-B3BE-A5E67E7AAB0D}.Release|x86.Build.0 = Release|Any CPU
		{9FA5255C-825E-484B-9E03-D72E40E1E3ED}.Debug|Any CPU.ActiveCfg = Debug|Any CPU
		{9FA5255C-825E-484B-9E03-D72E40E1E3ED}.Debug|Any CPU.Build.0 = Debug|Any CPU
		{9FA5255C-825E-484B-9E03-D72E40E1E3ED}.Debug|x64.ActiveCfg = Debug|Any CPU
		{9FA5255C-825E-484B-9E03-D72E40E1E3ED}.Debug|x64.Build.0 = Debug|Any CPU
		{9FA5255C-825E-484B-9E03-D72E40E1E3ED}.Debug|x86.ActiveCfg = Debug|Any CPU
		{9FA5255C-825E-484B-9E03-D72E40E1E3ED}.Debug|x86.Build.0 = Debug|Any CPU
		{9FA5255C-825E-484B-9E03-D72E40E1E3ED}.Release|Any CPU.ActiveCfg = Release|Any CPU
		{9FA5255C-825E-484B-9E03-D72E40E1E3ED}.Release|Any CPU.Build.0 = Release|Any CPU
		{9FA5255C-825E-484B-9E03-D72E40E1E3ED}.Release|x64.ActiveCfg = Release|Any CPU
		{9FA5255C-825E-484B-9E03-D72E40E1E3ED}.Release|x64.Build.0 = Release|Any CPU
		{9FA5255C-825E-484B-9E03-D72E40E1E3ED}.Release|x86.ActiveCfg = Release|Any CPU
		{9FA5255C-825E-484B-9E03-D72E40E1E3ED}.Release|x86.Build.0 = Release|Any CPU
		{F0B809BD-F8A0-4D11-AB3D-00AE10841047}.Debug|Any CPU.ActiveCfg = Debug|Any CPU
		{F0B809BD-F8A0-4D11-AB3D-00AE10841047}.Debug|Any CPU.Build.0 = Debug|Any CPU
		{F0B809BD-F8A0-4D11-AB3D-00AE10841047}.Debug|x64.ActiveCfg = Debug|Any CPU
		{F0B809BD-F8A0-4D11-AB3D-00AE10841047}.Debug|x64.Build.0 = Debug|Any CPU
		{F0B809BD-F8A0-4D11-AB3D-00AE10841047}.Debug|x86.ActiveCfg = Debug|Any CPU
		{F0B809BD-F8A0-4D11-AB3D-00AE10841047}.Debug|x86.Build.0 = Debug|Any CPU
		{F0B809BD-F8A0-4D11-AB3D-00AE10841047}.Release|Any CPU.ActiveCfg = Release|Any CPU
		{F0B809BD-F8A0-4D11-AB3D-00AE10841047}.Release|Any CPU.Build.0 = Release|Any CPU
		{F0B809BD-F8A0-4D11-AB3D-00AE10841047}.Release|x64.ActiveCfg = Release|Any CPU
		{F0B809BD-F8A0-4D11-AB3D-00AE10841047}.Release|x64.Build.0 = Release|Any CPU
		{F0B809BD-F8A0-4D11-AB3D-00AE10841047}.Release|x86.ActiveCfg = Release|Any CPU
		{F0B809BD-F8A0-4D11-AB3D-00AE10841047}.Release|x86.Build.0 = Release|Any CPU
		{14DA21F3-EEF5-4275-9A50-A682A1F7E81F}.Debug|Any CPU.ActiveCfg = Debug|Any CPU
		{14DA21F3-EEF5-4275-9A50-A682A1F7E81F}.Debug|Any CPU.Build.0 = Debug|Any CPU
		{14DA21F3-EEF5-4275-9A50-A682A1F7E81F}.Debug|x64.ActiveCfg = Debug|Any CPU
		{14DA21F3-EEF5-4275-9A50-A682A1F7E81F}.Debug|x64.Build.0 = Debug|Any CPU
		{14DA21F3-EEF5-4275-9A50-A682A1F7E81F}.Debug|x86.ActiveCfg = Debug|Any CPU
		{14DA21F3-EEF5-4275-9A50-A682A1F7E81F}.Debug|x86.Build.0 = Debug|Any CPU
		{14DA21F3-EEF5-4275-9A50-A682A1F7E81F}.Release|Any CPU.ActiveCfg = Release|Any CPU
		{14DA21F3-EEF5-4275-9A50-A682A1F7E81F}.Release|Any CPU.Build.0 = Release|Any CPU
		{14DA21F3-EEF5-4275-9A50-A682A1F7E81F}.Release|x64.ActiveCfg = Release|Any CPU
		{14DA21F3-EEF5-4275-9A50-A682A1F7E81F}.Release|x64.Build.0 = Release|Any CPU
		{14DA21F3-EEF5-4275-9A50-A682A1F7E81F}.Release|x86.ActiveCfg = Release|Any CPU
		{14DA21F3-EEF5-4275-9A50-A682A1F7E81F}.Release|x86.Build.0 = Release|Any CPU
		{4E1D56A9-E388-4B2B-85AF-1939C2981614}.Debug|Any CPU.ActiveCfg = Debug|Any CPU
		{4E1D56A9-E388-4B2B-85AF-1939C2981614}.Debug|Any CPU.Build.0 = Debug|Any CPU
		{4E1D56A9-E388-4B2B-85AF-1939C2981614}.Debug|x64.ActiveCfg = Debug|Any CPU
		{4E1D56A9-E388-4B2B-85AF-1939C2981614}.Debug|x64.Build.0 = Debug|Any CPU
		{4E1D56A9-E388-4B2B-85AF-1939C2981614}.Debug|x86.ActiveCfg = Debug|Any CPU
		{4E1D56A9-E388-4B2B-85AF-1939C2981614}.Debug|x86.Build.0 = Debug|Any CPU
		{4E1D56A9-E388-4B2B-85AF-1939C2981614}.Release|Any CPU.ActiveCfg = Release|Any CPU
		{4E1D56A9-E388-4B2B-85AF-1939C2981614}.Release|Any CPU.Build.0 = Release|Any CPU
		{4E1D56A9-E388-4B2B-85AF-1939C2981614}.Release|x64.ActiveCfg = Release|Any CPU
		{4E1D56A9-E388-4B2B-85AF-1939C2981614}.Release|x64.Build.0 = Release|Any CPU
		{4E1D56A9-E388-4B2B-85AF-1939C2981614}.Release|x86.ActiveCfg = Release|Any CPU
		{4E1D56A9-E388-4B2B-85AF-1939C2981614}.Release|x86.Build.0 = Release|Any CPU
		{81B36D30-7672-4FE2-96D6-469E6029F073}.Debug|Any CPU.ActiveCfg = Debug|Any CPU
		{81B36D30-7672-4FE2-96D6-469E6029F073}.Debug|Any CPU.Build.0 = Debug|Any CPU
		{81B36D30-7672-4FE2-96D6-469E6029F073}.Debug|x64.ActiveCfg = Debug|Any CPU
		{81B36D30-7672-4FE2-96D6-469E6029F073}.Debug|x64.Build.0 = Debug|Any CPU
		{81B36D30-7672-4FE2-96D6-469E6029F073}.Debug|x86.ActiveCfg = Debug|Any CPU
		{81B36D30-7672-4FE2-96D6-469E6029F073}.Debug|x86.Build.0 = Debug|Any CPU
		{81B36D30-7672-4FE2-96D6-469E6029F073}.Release|Any CPU.ActiveCfg = Release|Any CPU
		{81B36D30-7672-4FE2-96D6-469E6029F073}.Release|Any CPU.Build.0 = Release|Any CPU
		{81B36D30-7672-4FE2-96D6-469E6029F073}.Release|x64.ActiveCfg = Release|Any CPU
		{81B36D30-7672-4FE2-96D6-469E6029F073}.Release|x64.Build.0 = Release|Any CPU
		{81B36D30-7672-4FE2-96D6-469E6029F073}.Release|x86.ActiveCfg = Release|Any CPU
		{81B36D30-7672-4FE2-96D6-469E6029F073}.Release|x86.Build.0 = Release|Any CPU
		{D7D3E698-EBBB-4921-BCA2-5AC44B6DF0FF}.Debug|Any CPU.ActiveCfg = Debug|Any CPU
		{D7D3E698-EBBB-4921-BCA2-5AC44B6DF0FF}.Debug|Any CPU.Build.0 = Debug|Any CPU
		{D7D3E698-EBBB-4921-BCA2-5AC44B6DF0FF}.Debug|x64.ActiveCfg = Debug|Any CPU
		{D7D3E698-EBBB-4921-BCA2-5AC44B6DF0FF}.Debug|x64.Build.0 = Debug|Any CPU
		{D7D3E698-EBBB-4921-BCA2-5AC44B6DF0FF}.Debug|x86.ActiveCfg = Debug|Any CPU
		{D7D3E698-EBBB-4921-BCA2-5AC44B6DF0FF}.Debug|x86.Build.0 = Debug|Any CPU
		{D7D3E698-EBBB-4921-BCA2-5AC44B6DF0FF}.Release|Any CPU.ActiveCfg = Release|Any CPU
		{D7D3E698-EBBB-4921-BCA2-5AC44B6DF0FF}.Release|Any CPU.Build.0 = Release|Any CPU
		{D7D3E698-EBBB-4921-BCA2-5AC44B6DF0FF}.Release|x64.ActiveCfg = Release|Any CPU
		{D7D3E698-EBBB-4921-BCA2-5AC44B6DF0FF}.Release|x64.Build.0 = Release|Any CPU
		{D7D3E698-EBBB-4921-BCA2-5AC44B6DF0FF}.Release|x86.ActiveCfg = Release|Any CPU
		{D7D3E698-EBBB-4921-BCA2-5AC44B6DF0FF}.Release|x86.Build.0 = Release|Any CPU
		{C02CB1FF-A60C-4DC3-8056-D46B561630CD}.Debug|Any CPU.ActiveCfg = Debug|Any CPU
		{C02CB1FF-A60C-4DC3-8056-D46B561630CD}.Debug|Any CPU.Build.0 = Debug|Any CPU
		{C02CB1FF-A60C-4DC3-8056-D46B561630CD}.Debug|x64.ActiveCfg = Debug|Any CPU
		{C02CB1FF-A60C-4DC3-8056-D46B561630CD}.Debug|x64.Build.0 = Debug|Any CPU
		{C02CB1FF-A60C-4DC3-8056-D46B561630CD}.Debug|x86.ActiveCfg = Debug|Any CPU
		{C02CB1FF-A60C-4DC3-8056-D46B561630CD}.Debug|x86.Build.0 = Debug|Any CPU
		{C02CB1FF-A60C-4DC3-8056-D46B561630CD}.Release|Any CPU.ActiveCfg = Release|Any CPU
		{C02CB1FF-A60C-4DC3-8056-D46B561630CD}.Release|Any CPU.Build.0 = Release|Any CPU
		{C02CB1FF-A60C-4DC3-8056-D46B561630CD}.Release|x64.ActiveCfg = Release|Any CPU
		{C02CB1FF-A60C-4DC3-8056-D46B561630CD}.Release|x64.Build.0 = Release|Any CPU
		{C02CB1FF-A60C-4DC3-8056-D46B561630CD}.Release|x86.ActiveCfg = Release|Any CPU
		{C02CB1FF-A60C-4DC3-8056-D46B561630CD}.Release|x86.Build.0 = Release|Any CPU
		{3221AE40-B502-47D2-B455-01E210865504}.Debug|Any CPU.ActiveCfg = Debug|Any CPU
		{3221AE40-B502-47D2-B455-01E210865504}.Debug|Any CPU.Build.0 = Debug|Any CPU
		{3221AE40-B502-47D2-B455-01E210865504}.Debug|x64.ActiveCfg = Debug|Any CPU
		{3221AE40-B502-47D2-B455-01E210865504}.Debug|x64.Build.0 = Debug|Any CPU
		{3221AE40-B502-47D2-B455-01E210865504}.Debug|x86.ActiveCfg = Debug|Any CPU
		{3221AE40-B502-47D2-B455-01E210865504}.Debug|x86.Build.0 = Debug|Any CPU
		{3221AE40-B502-47D2-B455-01E210865504}.Release|Any CPU.ActiveCfg = Release|Any CPU
		{3221AE40-B502-47D2-B455-01E210865504}.Release|Any CPU.Build.0 = Release|Any CPU
		{3221AE40-B502-47D2-B455-01E210865504}.Release|x64.ActiveCfg = Release|Any CPU
		{3221AE40-B502-47D2-B455-01E210865504}.Release|x64.Build.0 = Release|Any CPU
		{3221AE40-B502-47D2-B455-01E210865504}.Release|x86.ActiveCfg = Release|Any CPU
		{3221AE40-B502-47D2-B455-01E210865504}.Release|x86.Build.0 = Release|Any CPU
		{93CB2769-8619-4BB6-88AF-85EEFF0401A5}.Debug|Any CPU.ActiveCfg = Debug|Any CPU
		{93CB2769-8619-4BB6-88AF-85EEFF0401A5}.Debug|Any CPU.Build.0 = Debug|Any CPU
		{93CB2769-8619-4BB6-88AF-85EEFF0401A5}.Debug|x64.ActiveCfg = Debug|Any CPU
		{93CB2769-8619-4BB6-88AF-85EEFF0401A5}.Debug|x64.Build.0 = Debug|Any CPU
		{93CB2769-8619-4BB6-88AF-85EEFF0401A5}.Debug|x86.ActiveCfg = Debug|Any CPU
		{93CB2769-8619-4BB6-88AF-85EEFF0401A5}.Debug|x86.Build.0 = Debug|Any CPU
		{93CB2769-8619-4BB6-88AF-85EEFF0401A5}.Release|Any CPU.ActiveCfg = Release|Any CPU
		{93CB2769-8619-4BB6-88AF-85EEFF0401A5}.Release|Any CPU.Build.0 = Release|Any CPU
		{93CB2769-8619-4BB6-88AF-85EEFF0401A5}.Release|x64.ActiveCfg = Release|Any CPU
		{93CB2769-8619-4BB6-88AF-85EEFF0401A5}.Release|x64.Build.0 = Release|Any CPU
		{93CB2769-8619-4BB6-88AF-85EEFF0401A5}.Release|x86.ActiveCfg = Release|Any CPU
		{93CB2769-8619-4BB6-88AF-85EEFF0401A5}.Release|x86.Build.0 = Release|Any CPU
		{6BDEA332-4FBF-440F-B3FD-88698506BAF2}.Debug|Any CPU.ActiveCfg = Debug|Any CPU
		{6BDEA332-4FBF-440F-B3FD-88698506BAF2}.Debug|Any CPU.Build.0 = Debug|Any CPU
		{6BDEA332-4FBF-440F-B3FD-88698506BAF2}.Debug|x64.ActiveCfg = Debug|Any CPU
		{6BDEA332-4FBF-440F-B3FD-88698506BAF2}.Debug|x64.Build.0 = Debug|Any CPU
		{6BDEA332-4FBF-440F-B3FD-88698506BAF2}.Debug|x86.ActiveCfg = Debug|Any CPU
		{6BDEA332-4FBF-440F-B3FD-88698506BAF2}.Debug|x86.Build.0 = Debug|Any CPU
		{6BDEA332-4FBF-440F-B3FD-88698506BAF2}.Release|Any CPU.ActiveCfg = Release|Any CPU
		{6BDEA332-4FBF-440F-B3FD-88698506BAF2}.Release|Any CPU.Build.0 = Release|Any CPU
		{6BDEA332-4FBF-440F-B3FD-88698506BAF2}.Release|x64.ActiveCfg = Release|Any CPU
		{6BDEA332-4FBF-440F-B3FD-88698506BAF2}.Release|x64.Build.0 = Release|Any CPU
		{6BDEA332-4FBF-440F-B3FD-88698506BAF2}.Release|x86.ActiveCfg = Release|Any CPU
		{6BDEA332-4FBF-440F-B3FD-88698506BAF2}.Release|x86.Build.0 = Release|Any CPU
		{7B39E8A8-5359-4040-B2D1-75BFEAE2EBCE}.Debug|Any CPU.ActiveCfg = Debug|Any CPU
		{7B39E8A8-5359-4040-B2D1-75BFEAE2EBCE}.Debug|Any CPU.Build.0 = Debug|Any CPU
		{7B39E8A8-5359-4040-B2D1-75BFEAE2EBCE}.Debug|x64.ActiveCfg = Debug|Any CPU
		{7B39E8A8-5359-4040-B2D1-75BFEAE2EBCE}.Debug|x64.Build.0 = Debug|Any CPU
		{7B39E8A8-5359-4040-B2D1-75BFEAE2EBCE}.Debug|x86.ActiveCfg = Debug|Any CPU
		{7B39E8A8-5359-4040-B2D1-75BFEAE2EBCE}.Debug|x86.Build.0 = Debug|Any CPU
		{7B39E8A8-5359-4040-B2D1-75BFEAE2EBCE}.Release|Any CPU.ActiveCfg = Release|Any CPU
		{7B39E8A8-5359-4040-B2D1-75BFEAE2EBCE}.Release|Any CPU.Build.0 = Release|Any CPU
		{7B39E8A8-5359-4040-B2D1-75BFEAE2EBCE}.Release|x64.ActiveCfg = Release|Any CPU
		{7B39E8A8-5359-4040-B2D1-75BFEAE2EBCE}.Release|x64.Build.0 = Release|Any CPU
		{7B39E8A8-5359-4040-B2D1-75BFEAE2EBCE}.Release|x86.ActiveCfg = Release|Any CPU
		{7B39E8A8-5359-4040-B2D1-75BFEAE2EBCE}.Release|x86.Build.0 = Release|Any CPU
		{B13865E5-70D7-45E9-B665-FEDD8CFE8732}.Debug|Any CPU.ActiveCfg = Debug|Any CPU
		{B13865E5-70D7-45E9-B665-FEDD8CFE8732}.Debug|Any CPU.Build.0 = Debug|Any CPU
		{B13865E5-70D7-45E9-B665-FEDD8CFE8732}.Debug|x64.ActiveCfg = Debug|Any CPU
		{B13865E5-70D7-45E9-B665-FEDD8CFE8732}.Debug|x64.Build.0 = Debug|Any CPU
		{B13865E5-70D7-45E9-B665-FEDD8CFE8732}.Debug|x86.ActiveCfg = Debug|Any CPU
		{B13865E5-70D7-45E9-B665-FEDD8CFE8732}.Debug|x86.Build.0 = Debug|Any CPU
		{B13865E5-70D7-45E9-B665-FEDD8CFE8732}.Release|Any CPU.ActiveCfg = Release|Any CPU
		{B13865E5-70D7-45E9-B665-FEDD8CFE8732}.Release|Any CPU.Build.0 = Release|Any CPU
		{B13865E5-70D7-45E9-B665-FEDD8CFE8732}.Release|x64.ActiveCfg = Release|Any CPU
		{B13865E5-70D7-45E9-B665-FEDD8CFE8732}.Release|x64.Build.0 = Release|Any CPU
		{B13865E5-70D7-45E9-B665-FEDD8CFE8732}.Release|x86.ActiveCfg = Release|Any CPU
		{B13865E5-70D7-45E9-B665-FEDD8CFE8732}.Release|x86.Build.0 = Release|Any CPU
		{4E506027-A8E0-4B1B-B58A-8AA5F2F5473C}.Debug|Any CPU.ActiveCfg = Debug|Any CPU
		{4E506027-A8E0-4B1B-B58A-8AA5F2F5473C}.Debug|Any CPU.Build.0 = Debug|Any CPU
		{4E506027-A8E0-4B1B-B58A-8AA5F2F5473C}.Debug|x64.ActiveCfg = Debug|Any CPU
		{4E506027-A8E0-4B1B-B58A-8AA5F2F5473C}.Debug|x64.Build.0 = Debug|Any CPU
		{4E506027-A8E0-4B1B-B58A-8AA5F2F5473C}.Debug|x86.ActiveCfg = Debug|Any CPU
		{4E506027-A8E0-4B1B-B58A-8AA5F2F5473C}.Debug|x86.Build.0 = Debug|Any CPU
		{4E506027-A8E0-4B1B-B58A-8AA5F2F5473C}.Release|Any CPU.ActiveCfg = Release|Any CPU
		{4E506027-A8E0-4B1B-B58A-8AA5F2F5473C}.Release|Any CPU.Build.0 = Release|Any CPU
		{4E506027-A8E0-4B1B-B58A-8AA5F2F5473C}.Release|x64.ActiveCfg = Release|Any CPU
		{4E506027-A8E0-4B1B-B58A-8AA5F2F5473C}.Release|x64.Build.0 = Release|Any CPU
		{4E506027-A8E0-4B1B-B58A-8AA5F2F5473C}.Release|x86.ActiveCfg = Release|Any CPU
		{4E506027-A8E0-4B1B-B58A-8AA5F2F5473C}.Release|x86.Build.0 = Release|Any CPU
		{718A3573-D6F1-4E2B-871F-0E5F277552C4}.Debug|Any CPU.ActiveCfg = Debug|Any CPU
		{718A3573-D6F1-4E2B-871F-0E5F277552C4}.Debug|Any CPU.Build.0 = Debug|Any CPU
		{718A3573-D6F1-4E2B-871F-0E5F277552C4}.Debug|x64.ActiveCfg = Debug|Any CPU
		{718A3573-D6F1-4E2B-871F-0E5F277552C4}.Debug|x64.Build.0 = Debug|Any CPU
		{718A3573-D6F1-4E2B-871F-0E5F277552C4}.Debug|x86.ActiveCfg = Debug|Any CPU
		{718A3573-D6F1-4E2B-871F-0E5F277552C4}.Debug|x86.Build.0 = Debug|Any CPU
		{718A3573-D6F1-4E2B-871F-0E5F277552C4}.Release|Any CPU.ActiveCfg = Release|Any CPU
		{718A3573-D6F1-4E2B-871F-0E5F277552C4}.Release|Any CPU.Build.0 = Release|Any CPU
		{718A3573-D6F1-4E2B-871F-0E5F277552C4}.Release|x64.ActiveCfg = Release|Any CPU
		{718A3573-D6F1-4E2B-871F-0E5F277552C4}.Release|x64.Build.0 = Release|Any CPU
		{718A3573-D6F1-4E2B-871F-0E5F277552C4}.Release|x86.ActiveCfg = Release|Any CPU
		{718A3573-D6F1-4E2B-871F-0E5F277552C4}.Release|x86.Build.0 = Release|Any CPU
	EndGlobalSection
	GlobalSection(SolutionProperties) = preSolution
		HideSolutionNode = FALSE
	EndGlobalSection
	GlobalSection(NestedProjects) = preSolution
		{4CC823E5-3248-4EB2-9527-ABD9B7AF7008} = {28692A56-986D-4534-A82D-B5BDA8F83DB6}
		{62054367-4DE4-4727-B9C3-0CE856E7569B} = {28692A56-986D-4534-A82D-B5BDA8F83DB6}
		{A165C426-B911-4939-9470-986A69070185} = {28692A56-986D-4534-A82D-B5BDA8F83DB6}
		{B7B79496-4448-4550-BA90-FFEACB75DD8F} = {28692A56-986D-4534-A82D-B5BDA8F83DB6}
		{F25E57A2-1056-4015-9A7B-3DCFA08E688E} = {28692A56-986D-4534-A82D-B5BDA8F83DB6}
		{56935BAB-4ADB-4DA6-945E-B454227B7F7D} = {B89E3D42-42D7-453F-B43D-EBA1A217FED4}
		{B7B582FD-054B-4112-B3BE-A5E67E7AAB0D} = {B89E3D42-42D7-453F-B43D-EBA1A217FED4}
		{9FA5255C-825E-484B-9E03-D72E40E1E3ED} = {B89E3D42-42D7-453F-B43D-EBA1A217FED4}
		{F0B809BD-F8A0-4D11-AB3D-00AE10841047} = {B89E3D42-42D7-453F-B43D-EBA1A217FED4}
		{14DA21F3-EEF5-4275-9A50-A682A1F7E81F} = {B89E3D42-42D7-453F-B43D-EBA1A217FED4}
		{4E1D56A9-E388-4B2B-85AF-1939C2981614} = {B89E3D42-42D7-453F-B43D-EBA1A217FED4}
		{81B36D30-7672-4FE2-96D6-469E6029F073} = {D8AE2635-89D7-4997-AD85-4FC545CA33EB}
		{D7D3E698-EBBB-4921-BCA2-5AC44B6DF0FF} = {D8AE2635-89D7-4997-AD85-4FC545CA33EB}
		{C02CB1FF-A60C-4DC3-8056-D46B561630CD} = {D8AE2635-89D7-4997-AD85-4FC545CA33EB}
		{3221AE40-B502-47D2-B455-01E210865504} = {D8AE2635-89D7-4997-AD85-4FC545CA33EB}
		{93CB2769-8619-4BB6-88AF-85EEFF0401A5} = {D8AE2635-89D7-4997-AD85-4FC545CA33EB}
		{6BDEA332-4FBF-440F-B3FD-88698506BAF2} = {D8AE2635-89D7-4997-AD85-4FC545CA33EB}
		{7B39E8A8-5359-4040-B2D1-75BFEAE2EBCE} = {D8AE2635-89D7-4997-AD85-4FC545CA33EB}
		{B13865E5-70D7-45E9-B665-FEDD8CFE8732} = {D8AE2635-89D7-4997-AD85-4FC545CA33EB}
		{4E506027-A8E0-4B1B-B58A-8AA5F2F5473C} = {D8AE2635-89D7-4997-AD85-4FC545CA33EB}
		{718A3573-D6F1-4E2B-871F-0E5F277552C4} = {D8AE2635-89D7-4997-AD85-4FC545CA33EB}
	EndGlobalSection
	GlobalSection(ExtensibilityGlobals) = postSolution
		SolutionGuid = {CF6D1794-21F7-4E8A-B665-D3C92FA01632}
	EndGlobalSection
EndGlobal
